
Microsoft Visual Studio Solution File, Format Version 12.00
# Visual Studio Version 17
VisualStudioVersion = 17.10.35122.118
MinimumVisualStudioVersion = 10.0.40219.1
Project("{FAE04EC0-301F-11D3-BF4B-00C04F79EFBC}") = "TP4", "TP4\TP4.csproj", "{D17E9A8A-D660-47C3-8812-3BEB268509ED}"
EndProject
Global
	GlobalSection(SolutionConfigurationPlatforms) = preSolution
		Debug|Any CPU = Debug|Any CPU
		Release|Any CPU = Release|Any CPU
	EndGlobalSection
	GlobalSection(ProjectConfigurationPlatforms) = postSolution
		{D17E9A8A-D660-47C3-8812-3BEB268509ED}.Debug|Any CPU.ActiveCfg = Debug|Any CPU
		{D17E9A8A-D660-47C3-8812-3BEB268509ED}.Debug|Any CPU.Build.0 = Debug|Any CPU
		{D17E9A8A-D660-47C3-8812-3BEB268509ED}.Release|Any CPU.ActiveCfg = Release|Any CPU
		{D17E9A8A-D660-47C3-8812-3BEB268509ED}.Release|Any CPU.Build.0 = Release|Any CPU
	EndGlobalSection
	GlobalSection(SolutionProperties) = preSolution
		HideSolutionNode = FALSE
	EndGlobalSection
	GlobalSection(ExtensibilityGlobals) = postSolution
		SolutionGuid = {DD6A87CC-FFF3-4125-BAFE-7CD4E7ACF6AF}
	EndGlobalSection
EndGlobal
